
Microsoft Visual Studio Solution File, Format Version 12.00
# Visual Studio 15
VisualStudioVersion = 15.0.27703.2042
MinimumVisualStudioVersion = 10.0.40219.1
Project("{8BC9CEB8-8B4A-11D0-8D11-00A0C91BC942}") = "FileGen", "FileGen.vcxproj", "{17A3915E-F883-4305-B01D-EFB67B6B571B}"
EndProject
Global
	GlobalSection(SolutionConfigurationPlatforms) = preSolution
		Debug|x64 = Debug|x64
		Debug|x86 = Debug|x86
		Release|x64 = Release|x64
		Release|x86 = Release|x86
	EndGlobalSection
	GlobalSection(ProjectConfigurationPlatforms) = postSolution
		{17A3915E-F883-4305-B01D-EFB67B6B571B}.Debug|x64.ActiveCfg = Debug|x64
		{17A3915E-F883-4305-B01D-EFB67B6B571B}.Debug|x64.Build.0 = Debug|x64
		{17A3915E-F883-4305-B01D-EFB67B6B571B}.Debug|x86.ActiveCfg = Debug|Win32
		{17A3915E-F883-4305-B01D-EFB67B6B571B}.Debug|x86.Build.0 = Debug|Win32
		{17A3915E-F883-4305-B01D-EFB67B6B571B}.Release|x64.ActiveCfg = Release|x64
		{17A3915E-F883-4305-B01D-EFB67B6B571B}.Release|x64.Build.0 = Release|x64
		{17A3915E-F883-4305-B01D-EFB67B6B571B}.Release|x86.ActiveCfg = Release|Win32
		{17A3915E-F883-4305-B01D-EFB67B6B571B}.Release|x86.Build.0 = Release|Win32
	EndGlobalSection
	GlobalSection(SolutionProperties) = preSolution
		HideSolutionNode = FALSE
	EndGlobalSection
	GlobalSection(ExtensibilityGlobals) = postSolution
		SolutionGuid = {7B5BCF79-D7C4-49FA-9B3E-69071CF6B7C7}
	EndGlobalSection
EndGlobal
